// !$*UTF8*$!
{
	archiveVersion = 1;
	classes = {
	};
	objectVersion = 46;
	objects = {

/* Begin PBXBuildFile section */
		6348D4A39B48430171951ED0 /* Pods_Uber.framework in Frameworks */ = {isa = PBXBuildFile; fileRef = B4139111E59539368442C11C /* Pods_Uber.framework */; };
		9351D5731F25338100016A4B /* DriverTableViewController.swift in Sources */ = {isa = PBXBuildFile; fileRef = 9351D5721F25338100016A4B /* DriverTableViewController.swift */; };
		93965A171F24CA850051641B /* AppDelegate.swift in Sources */ = {isa = PBXBuildFile; fileRef = 93965A161F24CA850051641B /* AppDelegate.swift */; };
		93965A191F24CA850051641B /* ViewController.swift in Sources */ = {isa = PBXBuildFile; fileRef = 93965A181F24CA850051641B /* ViewController.swift */; };
		93965A1C1F24CA850051641B /* Main.storyboard in Resources */ = {isa = PBXBuildFile; fileRef = 93965A1A1F24CA850051641B /* Main.storyboard */; };
		93965A1E1F24CA850051641B /* Assets.xcassets in Resources */ = {isa = PBXBuildFile; fileRef = 93965A1D1F24CA850051641B /* Assets.xcassets */; };
		93965A211F24CA850051641B /* LaunchScreen.storyboard in Resources */ = {isa = PBXBuildFile; fileRef = 93965A1F1F24CA850051641B /* LaunchScreen.storyboard */; };
		93965A291F24CB130051641B /* GoogleService-Info.plist in Resources */ = {isa = PBXBuildFile; fileRef = 93965A281F24CB130051641B /* GoogleService-Info.plist */; };
		93DB7E231F24CC3D00B3672C /* AdSupport.framework in Frameworks */ = {isa = PBXBuildFile; fileRef = 93DB7E221F24CC3D00B3672C /* AdSupport.framework */; };
		93DB7E251F24DDFA00B3672C /* RiderViewController.swift in Sources */ = {isa = PBXBuildFile; fileRef = 93DB7E241F24DDFA00B3672C /* RiderViewController.swift */; };
		93FC89F61F2609F900CCABC8 /* AcceptRequestViewController.swift in Sources */ = {isa = PBXBuildFile; fileRef = 93FC89F51F2609F900CCABC8 /* AcceptRequestViewController.swift */; };
/* End PBXBuildFile section */

/* Begin PBXFileReference section */
		5EC6C5E5A5EB7A803594714D /* Pods-Uber.debug.xcconfig */ = {isa = PBXFileReference; includeInIndex = 1; lastKnownFileType = text.xcconfig; name = "Pods-Uber.debug.xcconfig"; path = "Pods/Target Support Files/Pods-Uber/Pods-Uber.debug.xcconfig"; sourceTree = "<group>"; };
		9351D5721F25338100016A4B /* DriverTableViewController.swift */ = {isa = PBXFileReference; fileEncoding = 4; lastKnownFileType = sourcecode.swift; path = DriverTableViewController.swift; sourceTree = "<group>"; };
		93965A131F24CA850051641B /* Uber.app */ = {isa = PBXFileReference; explicitFileType = wrapper.application; includeInIndex = 0; path = Uber.app; sourceTree = BUILT_PRODUCTS_DIR; };
		93965A161F24CA850051641B /* AppDelegate.swift */ = {isa = PBXFileReference; lastKnownFileType = sourcecode.swift; path = AppDelegate.swift; sourceTree = "<group>"; };
		93965A181F24CA850051641B /* ViewController.swift */ = {isa = PBXFileReference; lastKnownFileType = sourcecode.swift; path = ViewController.swift; sourceTree = "<group>"; };
		93965A1B1F24CA850051641B /* Base */ = {isa = PBXFileReference; lastKnownFileType = file.storyboard; name = Base; path = Base.lproj/Main.storyboard; sourceTree = "<group>"; };
		93965A1D1F24CA850051641B /* Assets.xcassets */ = {isa = PBXFileReference; lastKnownFileType = folder.assetcatalog; path = Assets.xcassets; sourceTree = "<group>"; };
		93965A201F24CA850051641B /* Base */ = {isa = PBXFileReference; lastKnownFileType = file.storyboard; name = Base; path = Base.lproj/LaunchScreen.storyboard; sourceTree = "<group>"; };
		93965A221F24CA850051641B /* Info.plist */ = {isa = PBXFileReference; lastKnownFileType = text.plist.xml; path = Info.plist; sourceTree = "<group>"; };
		93965A281F24CB130051641B /* GoogleService-Info.plist */ = {isa = PBXFileReference; fileEncoding = 4; lastKnownFileType = text.plist.xml; path = "GoogleService-Info.plist"; sourceTree = "<group>"; };
		93DB7E221F24CC3D00B3672C /* AdSupport.framework */ = {isa = PBXFileReference; lastKnownFileType = wrapper.framework; name = AdSupport.framework; path = System/Library/Frameworks/AdSupport.framework; sourceTree = SDKROOT; };
		93DB7E241F24DDFA00B3672C /* RiderViewController.swift */ = {isa = PBXFileReference; fileEncoding = 4; lastKnownFileType = sourcecode.swift; path = RiderViewController.swift; sourceTree = "<group>"; };
		93FC89F51F2609F900CCABC8 /* AcceptRequestViewController.swift */ = {isa = PBXFileReference; fileEncoding = 4; lastKnownFileType = sourcecode.swift; path = AcceptRequestViewController.swift; sourceTree = "<group>"; };
		B4139111E59539368442C11C /* Pods_Uber.framework */ = {isa = PBXFileReference; explicitFileType = wrapper.framework; includeInIndex = 0; path = Pods_Uber.framework; sourceTree = BUILT_PRODUCTS_DIR; };
		F09393A07842C80E47D3AE3E /* Pods-Uber.release.xcconfig */ = {isa = PBXFileReference; includeInIndex = 1; lastKnownFileType = text.xcconfig; name = "Pods-Uber.release.xcconfig"; path = "Pods/Target Support Files/Pods-Uber/Pods-Uber.release.xcconfig"; sourceTree = "<group>"; };
/* End PBXFileReference section */

/* Begin PBXFrameworksBuildPhase section */
		93965A101F24CA840051641B /* Frameworks */ = {
			isa = PBXFrameworksBuildPhase;
			buildActionMask = 2147483647;
			files = (
				93DB7E231F24CC3D00B3672C /* AdSupport.framework in Frameworks */,
				6348D4A39B48430171951ED0 /* Pods_Uber.framework in Frameworks */,
			);
			runOnlyForDeploymentPostprocessing = 0;
		};
/* End PBXFrameworksBuildPhase section */

/* Begin PBXGroup section */
		637EFD52ECAE548AD8D29C2C /* Frameworks */ = {
			isa = PBXGroup;
			children = (
				93DB7E221F24CC3D00B3672C /* AdSupport.framework */,
				B4139111E59539368442C11C /* Pods_Uber.framework */,
			);
			name = Frameworks;
			sourceTree = "<group>";
		};
		93965A0A1F24CA840051641B = {
			isa = PBXGroup;
			children = (
				93965A151F24CA850051641B /* Uber */,
				93965A141F24CA850051641B /* Products */,
				C53B06DCE80771E6B6509683 /* Pods */,
				637EFD52ECAE548AD8D29C2C /* Frameworks */,
			);
			sourceTree = "<group>";
		};
		93965A141F24CA850051641B /* Products */ = {
			isa = PBXGroup;
			children = (
				93965A131F24CA850051641B /* Uber.app */,
			);
			name = Products;
			sourceTree = "<group>";
		};
		93965A151F24CA850051641B /* Uber */ = {
			isa = PBXGroup;
			children = (
				93DB7E281F24DE1100B3672C /* Model */,
				93DB7E271F24DE0B00B3672C /* View */,
				93DB7E261F24DE0200B3672C /* Controller */,
				93965A161F24CA850051641B /* AppDelegate.swift */,
				93965A1A1F24CA850051641B /* Main.storyboard */,
				93965A1D1F24CA850051641B /* Assets.xcassets */,
				93965A1F1F24CA850051641B /* LaunchScreen.storyboard */,
				93965A281F24CB130051641B /* GoogleService-Info.plist */,
				93965A221F24CA850051641B /* Info.plist */,
			);
			path = Uber;
			sourceTree = "<group>";
		};
		93DB7E261F24DE0200B3672C /* Controller */ = {
			isa = PBXGroup;
			children = (
				93965A181F24CA850051641B /* ViewController.swift */,
				93DB7E241F24DDFA00B3672C /* RiderViewController.swift */,
				9351D5721F25338100016A4B /* DriverTableViewController.swift */,
				93FC89F51F2609F900CCABC8 /* AcceptRequestViewController.swift */,
			);
			name = Controller;
			sourceTree = "<group>";
		};
		93DB7E271F24DE0B00B3672C /* View */ = {
			isa = PBXGroup;
			children = (
			);
			name = View;
			sourceTree = "<group>";
		};
		93DB7E281F24DE1100B3672C /* Model */ = {
			isa = PBXGroup;
			children = (
			);
			name = Model;
			sourceTree = "<group>";
		};
		C53B06DCE80771E6B6509683 /* Pods */ = {
			isa = PBXGroup;
			children = (
				5EC6C5E5A5EB7A803594714D /* Pods-Uber.debug.xcconfig */,
				F09393A07842C80E47D3AE3E /* Pods-Uber.release.xcconfig */,
			);
			name = Pods;
			sourceTree = "<group>";
		};
/* End PBXGroup section */

/* Begin PBXNativeTarget section */
		93965A121F24CA840051641B /* Uber */ = {
			isa = PBXNativeTarget;
			buildConfigurationList = 93965A251F24CA850051641B /* Build configuration list for PBXNativeTarget "Uber" */;
			buildPhases = (
				1DF576022F1B4BA0AFB18F5C /* [CP] Check Pods Manifest.lock */,
				93965A0F1F24CA840051641B /* Sources */,
				93965A101F24CA840051641B /* Frameworks */,
				93965A111F24CA840051641B /* Resources */,
				BD4D613D8457735B1B16DFFE /* [CP] Embed Pods Frameworks */,
				C3C5487DED9FFE9C22A38235 /* [CP] Copy Pods Resources */,
			);
			buildRules = (
			);
			dependencies = (
			);
			name = Uber;
			productName = Uber;
			productReference = 93965A131F24CA850051641B /* Uber.app */;
			productType = "com.apple.product-type.application";
		};
/* End PBXNativeTarget section */

/* Begin PBXProject section */
		93965A0B1F24CA840051641B /* Project object */ = {
			isa = PBXProject;
			attributes = {
				LastSwiftUpdateCheck = 0830;
				LastUpgradeCheck = 0830;
				ORGANIZATIONNAME = "Panagiotis Siapkaras";
				TargetAttributes = {
					93965A121F24CA840051641B = {
						CreatedOnToolsVersion = 8.3.3;
						DevelopmentTeam = UJ6PLG58NE;
						ProvisioningStyle = Automatic;
					};
				};
			};
			buildConfigurationList = 93965A0E1F24CA840051641B /* Build configuration list for PBXProject "Uber" */;
			compatibilityVersion = "Xcode 3.2";
			developmentRegion = English;
			hasScannedForEncodings = 0;
			knownRegions = (
				en,
				Base,
			);
			mainGroup = 93965A0A1F24CA840051641B;
			productRefGroup = 93965A141F24CA850051641B /* Products */;
			projectDirPath = "";
			projectRoot = "";
			targets = (
				93965A121F24CA840051641B /* Uber */,
			);
		};
/* End PBXProject section */

/* Begin PBXResourcesBuildPhase section */
		93965A111F24CA840051641B /* Resources */ = {
			isa = PBXResourcesBuildPhase;
			buildActionMask = 2147483647;
			files = (
				93965A211F24CA850051641B /* LaunchScreen.storyboard in Resources */,
				93965A291F24CB130051641B /* GoogleService-Info.plist in Resources */,
				93965A1E1F24CA850051641B /* Assets.xcassets in Resources */,
				93965A1C1F24CA850051641B /* Main.storyboard in Resources */,
			);
			runOnlyForDeploymentPostprocessing = 0;
		};
/* End PBXResourcesBuildPhase section */

/* Begin PBXShellScriptBuildPhase section */
		1DF576022F1B4BA0AFB18F5C /* [CP] Check Pods Manifest.lock */ = {
			isa = PBXShellScriptBuildPhase;
			buildActionMask = 2147483647;
			files = (
			);
			inputPaths = (
			);
			name = "[CP] Check Pods Manifest.lock";
			outputPaths = (
			);
			runOnlyForDeploymentPostprocessing = 0;
			shellPath = /bin/sh;
			shellScript = "diff \"${PODS_PODFILE_DIR_PATH}/Podfile.lock\" \"${PODS_ROOT}/Manifest.lock\" > /dev/null\nif [ $? != 0 ] ; then\n    # print error to STDERR\n    echo \"error: The sandbox is not in sync with the Podfile.lock. Run 'pod install' or update your CocoaPods installation.\" >&2\n    exit 1\nfi\n";
			showEnvVarsInLog = 0;
		};
		BD4D613D8457735B1B16DFFE /* [CP] Embed Pods Frameworks */ = {
			isa = PBXShellScriptBuildPhase;
			buildActionMask = 2147483647;
			files = (
			);
			inputPaths = (
			);
			name = "[CP] Embed Pods Frameworks";
			outputPaths = (
			);
			runOnlyForDeploymentPostprocessing = 0;
			shellPath = /bin/sh;
			shellScript = "\"${SRCROOT}/Pods/Target Support Files/Pods-Uber/Pods-Uber-frameworks.sh\"\n";
			showEnvVarsInLog = 0;
		};
		C3C5487DED9FFE9C22A38235 /* [CP] Copy Pods Resources */ = {
			isa = PBXShellScriptBuildPhase;
			buildActionMask = 2147483647;
			files = (
			);
			inputPaths = (
			);
			name = "[CP] Copy Pods Resources";
			outputPaths = (
			);
			runOnlyForDeploymentPostprocessing = 0;
			shellPath = /bin/sh;
			shellScript = "\"${SRCROOT}/Pods/Target Support Files/Pods-Uber/Pods-Uber-resources.sh\"\n";
			showEnvVarsInLog = 0;
		};
/* End PBXShellScriptBuildPhase section */

/* Begin PBXSourcesBuildPhase section */
		93965A0F1F24CA840051641B /* Sources */ = {
			isa = PBXSourcesBuildPhase;
			buildActionMask = 2147483647;
			files = (
				93965A191F24CA850051641B /* ViewController.swift in Sources */,
				9351D5731F25338100016A4B /* DriverTableViewController.swift in Sources */,
				93DB7E251F24DDFA00B3672C /* RiderViewController.swift in Sources */,
				93965A171F24CA850051641B /* AppDelegate.swift in Sources */,
				93FC89F61F2609F900CCABC8 /* AcceptRequestViewController.swift in Sources */,
			);
			runOnlyForDeploymentPostprocessing = 0;
		};
/* End PBXSourcesBuildPhase section */

/* Begin PBXVariantGroup section */
		93965A1A1F24CA850051641B /* Main.storyboard */ = {
			isa = PBXVariantGroup;
			children = (
				93965A1B1F24CA850051641B /* Base */,
			);
			name = Main.storyboard;
			sourceTree = "<group>";
		};
		93965A1F1F24CA850051641B /* LaunchScreen.storyboard */ = {
			isa = PBXVariantGroup;
			children = (
				93965A201F24CA850051641B /* Base */,
			);
			name = LaunchScreen.storyboard;
			sourceTree = "<group>";
		};
/* End PBXVariantGroup section */

/* Begin XCBuildConfiguration section */
		93965A231F24CA850051641B /* Debug */ = {
			isa = XCBuildConfiguration;
			buildSettings = {
				ALWAYS_SEARCH_USER_PATHS = NO;
				CLANG_ANALYZER_NONNULL = YES;
				CLANG_ANALYZER_NUMBER_OBJECT_CONVERSION = YES_AGGRESSIVE;
				CLANG_CXX_LANGUAGE_STANDARD = "gnu++0x";
				CLANG_CXX_LIBRARY = "libc++";
				CLANG_ENABLE_MODULES = YES;
				CLANG_ENABLE_OBJC_ARC = YES;
				CLANG_WARN_BOOL_CONVERSION = YES;
				CLANG_WARN_CONSTANT_CONVERSION = YES;
				CLANG_WARN_DIRECT_OBJC_ISA_USAGE = YES_ERROR;
				CLANG_WARN_DOCUMENTATION_COMMENTS = YES;
				CLANG_WARN_EMPTY_BODY = YES;
				CLANG_WARN_ENUM_CONVERSION = YES;
				CLANG_WARN_INFINITE_RECURSION = YES;
				CLANG_WARN_INT_CONVERSION = YES;
				CLANG_WARN_OBJC_ROOT_CLASS = YES_ERROR;
				CLANG_WARN_SUSPICIOUS_MOVE = YES;
				CLANG_WARN_UNREACHABLE_CODE = YES;
				CLANG_WARN__DUPLICATE_METHOD_MATCH = YES;
				"CODE_SIGN_IDENTITY[sdk=iphoneos*]" = "iPhone Developer";
				COPY_PHASE_STRIP = NO;
				DEBUG_INFORMATION_FORMAT = dwarf;
				ENABLE_STRICT_OBJC_MSGSEND = YES;
				ENABLE_TESTABILITY = YES;
				GCC_C_LANGUAGE_STANDARD = gnu99;
				GCC_DYNAMIC_NO_PIC = NO;
				GCC_NO_COMMON_BLOCKS = YES;
				GCC_OPTIMIZATION_LEVEL = 0;
				GCC_PREPROCESSOR_DEFINITIONS = (
					"DEBUG=1",
					"$(inherited)",
				);
				GCC_WARN_64_TO_32_BIT_CONVERSION = YES;
				GCC_WARN_ABOUT_RETURN_TYPE = YES_ERROR;
				GCC_WARN_UNDECLARED_SELECTOR = YES;
				GCC_WARN_UNINITIALIZED_AUTOS = YES_AGGRESSIVE;
				GCC_WARN_UNUSED_FUNCTION = YES;
				GCC_WARN_UNUSED_VARIABLE = YES;
				IPHONEOS_DEPLOYMENT_TARGET = 10.3;
				MTL_ENABLE_DEBUG_INFO = YES;
				ONLY_ACTIVE_ARCH = YES;
				SDKROOT = iphoneos;
				SWIFT_ACTIVE_COMPILATION_CONDITIONS = DEBUG;
				SWIFT_OPTIMIZATION_LEVEL = "-Onone";
			};
			name = Debug;
		};
		93965A241F24CA850051641B /* Release */ = {
			isa = XCBuildConfiguration;
			buildSettings = {
				ALWAYS_SEARCH_USER_PATHS = NO;
				CLANG_ANALYZER_NONNULL = YES;
				CLANG_ANALYZER_NUMBER_OBJECT_CONVERSION = YES_AGGRESSIVE;
				CLANG_CXX_LANGUAGE_STANDARD = "gnu++0x";
				CLANG_CXX_LIBRARY = "libc++";
				CLANG_ENABLE_MODULES = YES;
				CLANG_ENABLE_OBJC_ARC = YES;
				CLANG_WARN_BOOL_CONVERSION = YES;
				CLANG_WARN_CONSTANT_CONVERSION = YES;
				CLANG_WARN_DIRECT_OBJC_ISA_USAGE = YES_ERROR;
				CLANG_WARN_DOCUMENTATION_COMMENTS = YES;
				CLANG_WARN_EMPTY_BODY = YES;
				CLANG_WARN_ENUM_CONVERSION = YES;
				CLANG_WARN_INFINITE_RECURSION = YES;
				CLANG_WARN_INT_CONVERSION = YES;
				CLANG_WARN_OBJC_ROOT_CLASS = YES_ERROR;
				CLANG_WARN_SUSPICIOUS_MOVE = YES;
				CLANG_WARN_UNREACHABLE_CODE = YES;
				CLANG_WARN__DUPLICATE_METHOD_MATCH = YES;
				"CODE_SIGN_IDENTITY[sdk=iphoneos*]" = "iPhone Developer";
				COPY_PHASE_STRIP = NO;
				DEBUG_INFORMATION_FORMAT = "dwarf-with-dsym";
				ENABLE_NS_ASSERTIONS = NO;
				ENABLE_STRICT_OBJC_MSGSEND = YES;
				GCC_C_LANGUAGE_STANDARD = gnu99;
				GCC_NO_COMMON_BLOCKS = YES;
				GCC_WARN_64_TO_32_BIT_CONVERSION = YES;
				GCC_WARN_ABOUT_RETURN_TYPE = YES_ERROR;
				GCC_WARN_UNDECLARED_SELECTOR = YES;
				GCC_WARN_UNINITIALIZED_AUTOS = YES_AGGRESSIVE;
				GCC_WARN_UNUSED_FUNCTION = YES;
				GCC_WARN_UNUSED_VARIABLE = YES;
				IPHONEOS_DEPLOYMENT_TARGET = 10.3;
				MTL_ENABLE_DEBUG_INFO = NO;
				SDKROOT = iphoneos;
				SWIFT_OPTIMIZATION_LEVEL = "-Owholemodule";
				VALIDATE_PRODUCT = YES;
			};
			name = Release;
		};
		93965A261F24CA850051641B /* Debug */ = {
			isa = XCBuildConfiguration;
			baseConfigurationReference = 5EC6C5E5A5EB7A803594714D /* Pods-Uber.debug.xcconfig */;
			buildSettings = {
				ASSETCATALOG_COMPILER_APPICON_NAME = AppIcon;
				DEVELOPMENT_TEAM = UJ6PLG58NE;
				INFOPLIST_FILE = Uber/Info.plist;
				LD_RUNPATH_SEARCH_PATHS = "$(inherited) @executable_path/Frameworks";
				PRODUCT_BUNDLE_IDENTIFIER = com.Panos.Uber;
				PRODUCT_NAME = "$(TARGET_NAME)";
				SWIFT_VERSION = 3.0;
			};
			name = Debug;
		};
		93965A271F24CA850051641B /* Release */ = {
			isa = XCBuildConfiguration;
			baseConfigurationReference = F09393A07842C80E47D3AE3E /* Pods-Uber.release.xcconfig */;
			buildSettings = {
				ASSETCATALOG_COMPILER_APPICON_NAME = AppIcon;
				DEVELOPMENT_TEAM = UJ6PLG58NE;
				INFOPLIST_FILE = Uber/Info.plist;
				LD_RUNPATH_SEARCH_PATHS = "$(inherited) @executable_path/Frameworks";
				PRODUCT_BUNDLE_IDENTIFIER = com.Panos.Uber;
				PRODUCT_NAME = "$(TARGET_NAME)";
				SWIFT_VERSION = 3.0;
			};
			name = Release;
		};
/* End XCBuildConfiguration section */

/* Begin XCConfigurationList section */
		93965A0E1F24CA840051641B /* Build configuration list for PBXProject "Uber" */ = {
			isa = XCConfigurationList;
			buildConfigurations = (
				93965A231F24CA850051641B /* Debug */,
				93965A241F24CA850051641B /* Release */,
			);
			defaultConfigurationIsVisible = 0;
			defaultConfigurationName = Release;
		};
		93965A251F24CA850051641B /* Build configuration list for PBXNativeTarget "Uber" */ = {
			isa = XCConfigurationList;
			buildConfigurations = (
				93965A261F24CA850051641B /* Debug */,
				93965A271F24CA850051641B /* Release */,
			);
			defaultConfigurationIsVisible = 0;
			defaultConfigurationName = Release;
		};
/* End XCConfigurationList section */
	};
	rootObject = 93965A0B1F24CA840051641B /* Project object */;
}
